
Microsoft Visual Studio Solution File, Format Version 12.00
# Visual Studio Version 17
VisualStudioVersion = 17.14.36429.23
MinimumVisualStudioVersion = 10.0.40219.1
Project("{FAE04EC0-301F-11D3-BF4B-00C04F79EFBC}") = "BookWorldApp", "BookWorldApp\BookWorldApp.csproj", "{6E55978E-0593-4E9C-9425-E5950A0A9BCE}"
EndProject
Project("{FAE04EC0-301F-11D3-BF4B-00C04F79EFBC}") = "BookWorldAppTest", "BookWorldAppTest\BookWorldAppTest.csproj", "{3077C32B-0024-470F-A533-CE7760EE7E9A}"
EndProject
Global
	GlobalSection(SolutionConfigurationPlatforms) = preSolution
		Debug|Any CPU = Debug|Any CPU
		Release|Any CPU = Release|Any CPU
	EndGlobalSection
	GlobalSection(ProjectConfigurationPlatforms) = postSolution
		{6E55978E-0593-4E9C-9425-E5950A0A9BCE}.Debug|Any CPU.ActiveCfg = Debug|Any CPU
		{6E55978E-0593-4E9C-9425-E5950A0A9BCE}.Debug|Any CPU.Build.0 = Debug|Any CPU
		{6E55978E-0593-4E9C-9425-E5950A0A9BCE}.Release|Any CPU.ActiveCfg = Release|Any CPU
		{6E55978E-0593-4E9C-9425-E5950A0A9BCE}.Release|Any CPU.Build.0 = Release|Any CPU
		{3077C32B-0024-470F-A533-CE7760EE7E9A}.Debug|Any CPU.ActiveCfg = Debug|Any CPU
		{3077C32B-0024-470F-A533-CE7760EE7E9A}.Debug|Any CPU.Build.0 = Debug|Any CPU
		{3077C32B-0024-470F-A533-CE7760EE7E9A}.Release|Any CPU.ActiveCfg = Release|Any CPU
		{3077C32B-0024-470F-A533-CE7760EE7E9A}.Release|Any CPU.Build.0 = Release|Any CPU
	EndGlobalSection
	GlobalSection(SolutionProperties) = preSolution
		HideSolutionNode = FALSE
	EndGlobalSection
	GlobalSection(ExtensibilityGlobals) = postSolution
		SolutionGuid = {69A2C316-674B-468A-B181-7784C5482329}
	EndGlobalSection
EndGlobal
